
Microsoft Visual Studio Solution File, Format Version 12.00
Project("{FAE04EC0-301F-11D3-BF4B-00C04F79EFBC}") = "zigzag", "zigzag\zigzag.csproj", "{C38EA9A6-5109-44F5-BAB3-289B602577BC}"
EndProject
Project("{FAE04EC0-301F-11D3-BF4B-00C04F79EFBC}") = "zigzag.Tests", "zigzag.Tests\zigzag.Tests.csproj", "{B3F37106-69E1-47AF-B068-021F63AE9FF1}"
EndProject
Global
	GlobalSection(SolutionConfigurationPlatforms) = preSolution
		Debug|Any CPU = Debug|Any CPU
		Release|Any CPU = Release|Any CPU
	EndGlobalSection
	GlobalSection(ProjectConfigurationPlatforms) = postSolution
		{C38EA9A6-5109-44F5-BAB3-289B602577BC}.Debug|Any CPU.ActiveCfg = Debug|Any CPU
		{C38EA9A6-5109-44F5-BAB3-289B602577BC}.Debug|Any CPU.Build.0 = Debug|Any CPU
		{C38EA9A6-5109-44F5-BAB3-289B602577BC}.Release|Any CPU.ActiveCfg = Release|Any CPU
		{C38EA9A6-5109-44F5-BAB3-289B602577BC}.Release|Any CPU.Build.0 = Release|Any CPU
		{B3F37106-69E1-47AF-B068-021F63AE9FF1}.Debug|Any CPU.ActiveCfg = Debug|Any CPU
		{B3F37106-69E1-47AF-B068-021F63AE9FF1}.Debug|Any CPU.Build.0 = Debug|Any CPU
		{B3F37106-69E1-47AF-B068-021F63AE9FF1}.Release|Any CPU.ActiveCfg = Release|Any CPU
		{B3F37106-69E1-47AF-B068-021F63AE9FF1}.Release|Any CPU.Build.0 = Release|Any CPU
	EndGlobalSection
EndGlobal
